<?xml version="1.0" encoding="utf-8"?>
<Project ToolsVersion="4.0" xmlns="http://schemas.microsoft.com/developer/msbuild/2003">
  <ItemGroup>
    <Filter Include="源文件">
      <UniqueIdentifier>{4FC737F1-C7A5-4376-A066-2A32D752A2FF}</UniqueIdentifier>
      <Extensions>cpp;c;cc;cxx;def;odl;idl;hpj;bat;asm;asmx</Extensions>
    </Filter>
    <Filter Include="头文件">
      <UniqueIdentifier>{93995380-89BD-4b04-88EB-625FBE52EBFB}</UniqueIdentifier>
      <Extensions>h;hh;hpp;hxx;hm;inl;inc;ipp;xsd</Extensions>
    </Filter>
    <Filter Include="资源文件">
      <UniqueIdentifier>{67DA6AB6-F800-4c08-8B7A-83BB121AAD01}</UniqueIdentifier>
      <Extensions>rc;ico;cur;bmp;dlg;rc2;rct;bin;rgs;gif;jpg;jpeg;jpe;resx;tiff;tif;png;wav;mfcribbon-ms</Extensions>
    </Filter>
    <Filter Include="com">
      <UniqueIdentifier>{c4507f9a-6e64-4b90-b276-ac14c9709d60}</UniqueIdentifier>
    </Filter>
  </ItemGroup>
  <ItemGroup>
    <ClInclude Include="read esim.h">
      <Filter>头文件</Filter>
    </ClInclude>
    <ClInclude Include="read esimDlg.h">
      <Filter>头文件</Filter>
    </ClInclude>
    <ClInclude Include="framework.h">
      <Filter>头文件</Filter>
    </ClInclude>
    <ClInclude Include="targetver.h">
      <Filter>头文件</Filter>
    </ClInclude>
    <ClInclude Include="Resource.h">
      <Filter>头文件</Filter>
    </ClInclude>
    <ClInclude Include="pch.h">
      <Filter>头文件</Filter>
    </ClInclude>
    <ClInclude Include="CApplication.h">
      <Filter>头文件</Filter>
    </ClInclude>
    <ClInclude Include="CWorkbook.h">
      <Filter>头文件</Filter>
    </ClInclude>
    <ClInclude Include="CWorksheet.h">
      <Filter>头文件</Filter>
    </ClInclude>
    <ClInclude Include="CRange.h">
      <Filter>头文件</Filter>
    </ClInclude>
    <ClInclude Include="CFont0.h">
      <Filter>头文件</Filter>
    </ClInclude>
    <ClInclude Include="CWorkbooks.h">
      <Filter>头文件</Filter>
    </ClInclude>
    <ClInclude Include="CWorksheets.h">
      <Filter>头文件</Filter>
    </ClInclude>
    <ClInclude Include="IllusionExcelFile.h">
      <Filter>头文件</Filter>
    </ClInclude>
    <ClInclude Include="SerialPort.h">
      <Filter>头文件</Filter>
    </ClInclude>
    <ClInclude Include="app_queue.h">
      <Filter>头文件</Filter>
    </ClInclude>
    <ClInclude Include="CSerialPort\SerialPort.h">
      <Filter>com</Filter>
    </ClInclude>
    <ClInclude Include="CSerialPort\SerialPortBase.h">
      <Filter>com</Filter>
    </ClInclude>
    <ClInclude Include="CSerialPort\SerialPortInfo.h">
      <Filter>com</Filter>
    </ClInclude>
    <ClInclude Include="CSerialPort\SerialPortInfoBase.h">
      <Filter>com</Filter>
    </ClInclude>
    <ClInclude Include="CSerialPort\SerialPortInfoWinBase.h">
      <Filter>com</Filter>
    </ClInclude>
    <ClInclude Include="CSerialPort\SerialPortWinBase.h">
      <Filter>com</Filter>
    </ClInclude>
    <ClInclude Include="CSerialPort\sigslot.h">
      <Filter>com</Filter>
    </ClInclude>
  </ItemGroup>
  <ItemGroup>
    <ClCompile Include="read esim.cpp">
      <Filter>源文件</Filter>
    </ClCompile>
    <ClCompile Include="read esimDlg.cpp">
      <Filter>源文件</Filter>
    </ClCompile>
    <ClCompile Include="pch.cpp">
      <Filter>源文件</Filter>
    </ClCompile>
    <ClCompile Include="IllusionExcelFile.cpp">
      <Filter>源文件</Filter>
    </ClCompile>
    <ClCompile Include="app_common.cpp">
      <Filter>源文件</Filter>
    </ClCompile>
    <ClCompile Include="app_queue.cpp">
      <Filter>源文件</Filter>
    </ClCompile>
    <ClCompile Include="CSerialPort\SerialPort.cpp">
      <Filter>com</Filter>
    </ClCompile>
    <ClCompile Include="CSerialPort\SerialPortBase.cpp">
      <Filter>com</Filter>
    </ClCompile>
    <ClCompile Include="CSerialPort\SerialPortInfo.cpp">
      <Filter>com</Filter>
    </ClCompile>
    <ClCompile Include="CSerialPort\SerialPortInfoBase.cpp">
      <Filter>com</Filter>
    </ClCompile>
    <ClCompile Include="CSerialPort\SerialPortInfoWinBase.cpp">
      <Filter>com</Filter>
    </ClCompile>
    <ClCompile Include="CSerialPort\SerialPortWinBase.cpp">
      <Filter>com</Filter>
    </ClCompile>
  </ItemGroup>
  <ItemGroup>
    <ResourceCompile Include="readesim.rc">
      <Filter>资源文件</Filter>
    </ResourceCompile>
  </ItemGroup>
  <ItemGroup>
    <None Include="res\readesim.rc2">
      <Filter>资源文件</Filter>
    </None>
  </ItemGroup>
  <ItemGroup>
    <Image Include="res\read esim.ico">
      <Filter>资源文件</Filter>
    </Image>
    <Image Include="..\..\..\..\112233\保存.ico">
      <Filter>资源文件</Filter>
    </Image>
    <Image Include="..\..\..\..\112233\icon2.ico">
      <Filter>资源文件</Filter>
    </Image>
    <Image Include="res\保存.ico">
      <Filter>资源文件</Filter>
    </Image>
  </ItemGroup>
</Project>